
Microsoft Visual Studio Solution File, Format Version 12.00
# Visual Studio Version 16
VisualStudioVersion = 16.0.30717.126
MinimumVisualStudioVersion = 10.0.40219.1
Project("{FAE04EC0-301F-11D3-BF4B-00C04F79EFBC}") = "Lab6", "Lab6\Lab6.csproj", "{D86A332B-D8AA-4E1F-825A-E566970FCB30}"
EndProject
Global
	GlobalSection(SolutionConfigurationPlatforms) = preSolution
		Debug|Any CPU = Debug|Any CPU
		Release|Any CPU = Release|Any CPU
	EndGlobalSection
	GlobalSection(ProjectConfigurationPlatforms) = postSolution
		{D86A332B-D8AA-4E1F-825A-E566970FCB30}.Debug|Any CPU.ActiveCfg = Debug|Any CPU
		{D86A332B-D8AA-4E1F-825A-E566970FCB30}.Debug|Any CPU.Build.0 = Debug|Any CPU
		{D86A332B-D8AA-4E1F-825A-E566970FCB30}.Release|Any CPU.ActiveCfg = Release|Any CPU
		{D86A332B-D8AA-4E1F-825A-E566970FCB30}.Release|Any CPU.Build.0 = Release|Any CPU
	EndGlobalSection
	GlobalSection(SolutionProperties) = preSolution
		HideSolutionNode = FALSE
	EndGlobalSection
	GlobalSection(ExtensibilityGlobals) = postSolution
		SolutionGuid = {EC29CC7D-129F-4A60-B8B5-AF40677A9B2F}
	EndGlobalSection
EndGlobal
